
Microsoft Visual Studio Solution File, Format Version 12.00
# Visual Studio Version 17
VisualStudioVersion = 17.10.35122.118
MinimumVisualStudioVersion = 10.0.40219.1
Project("{8BC9CEB8-8B4A-11D0-8D11-00A0C91BC942}") = "EmuGB", "EmuGB\EmuGB.vcxproj", "{A38F68D6-FA4F-432E-8968-5488B1145839}"
EndProject
Global
	GlobalSection(SolutionConfigurationPlatforms) = preSolution
		Debug|x64 = Debug|x64
		Debug|x86 = Debug|x86
		Release|x64 = Release|x64
		Release|x86 = Release|x86
	EndGlobalSection
	GlobalSection(ProjectConfigurationPlatforms) = postSolution
		{A38F68D6-FA4F-432E-8968-5488B1145839}.Debug|x64.ActiveCfg = Debug|x64
		{A38F68D6-FA4F-432E-8968-5488B1145839}.Debug|x64.Build.0 = Debug|x64
		{A38F68D6-FA4F-432E-8968-5488B1145839}.Debug|x86.ActiveCfg = Debug|Win32
		{A38F68D6-FA4F-432E-8968-5488B1145839}.Debug|x86.Build.0 = Debug|Win32
		{A38F68D6-FA4F-432E-8968-5488B1145839}.Release|x64.ActiveCfg = Release|x64
		{A38F68D6-FA4F-432E-8968-5488B1145839}.Release|x64.Build.0 = Release|x64
		{A38F68D6-FA4F-432E-8968-5488B1145839}.Release|x86.ActiveCfg = Release|Win32
		{A38F68D6-FA4F-432E-8968-5488B1145839}.Release|x86.Build.0 = Release|Win32
	EndGlobalSection
	GlobalSection(SolutionProperties) = preSolution
		HideSolutionNode = FALSE
	EndGlobalSection
	GlobalSection(ExtensibilityGlobals) = postSolution
		SolutionGuid = {2A491294-69EB-4CFC-92C9-5B1E277089D8}
	EndGlobalSection
EndGlobal
