<?xml version="1.0" encoding="utf-8"?>
<Project ToolsVersion="4.0" xmlns="http://schemas.microsoft.com/developer/msbuild/2003">
  <ItemGroup>
    <Filter Include="Source Files">
      <UniqueIdentifier>{4FC737F1-C7A5-4376-A066-2A32D752A2FF}</UniqueIdentifier>
      <Extensions>cpp;c;cc;cxx;c++;cppm;ixx;def;odl;idl;hpj;bat;asm;asmx</Extensions>
    </Filter>
    <Filter Include="Header Files">
      <UniqueIdentifier>{93995380-89BD-4b04-88EB-625FBE52EBFB}</UniqueIdentifier>
      <Extensions>h;hh;hpp;hxx;h++;hm;inl;inc;ipp;xsd</Extensions>
    </Filter>
    <Filter Include="Resource Files">
      <UniqueIdentifier>{67DA6AB6-F800-4c08-8B7A-83BB121AAD01}</UniqueIdentifier>
      <Extensions>rc;ico;cur;bmp;dlg;rc2;rct;bin;rgs;gif;jpg;jpeg;jpe;resx;tiff;tif;png;wav;mfcribbon-ms</Extensions>
    </Filter>
    <Filter Include="Source Files\CPU">
      <UniqueIdentifier>{e92fccdd-7087-4c74-82c7-e3dc9249a22c}</UniqueIdentifier>
    </Filter>
    <Filter Include="Header Files\CPU">
      <UniqueIdentifier>{8375b603-314a-491c-9ceb-5dd209cb32a3}</UniqueIdentifier>
    </Filter>
    <Filter Include="Header Files\PPU">
      <UniqueIdentifier>{d2f0b168-9df0-4af8-ab0c-c3b2402a14a0}</UniqueIdentifier>
    </Filter>
    <Filter Include="Source Files\PPU">
      <UniqueIdentifier>{3d37681e-86bc-4a34-b0b3-5dc7c19a3f1e}</UniqueIdentifier>
    </Filter>
    <Filter Include="Header Files\Debug">
      <UniqueIdentifier>{60560ef5-1e2f-4e3a-b2ad-1ba56cddf753}</UniqueIdentifier>
    </Filter>
    <Filter Include="Source Files\Debug">
      <UniqueIdentifier>{2e46b06d-fe03-49ab-88b6-5747906be193}</UniqueIdentifier>
    </Filter>
    <Filter Include="Source Files\Memory">
      <UniqueIdentifier>{851da80a-8c6d-4eef-a9c8-ecffe828de8a}</UniqueIdentifier>
    </Filter>
    <Filter Include="Header Files\Memory">
      <UniqueIdentifier>{19805ec3-4127-47b5-889e-05ddd3700820}</UniqueIdentifier>
    </Filter>
  </ItemGroup>
  <ItemGroup>
    <ClCompile Include="src\Main.cpp">
      <Filter>Source Files</Filter>
    </ClCompile>
    <ClCompile Include="src\CPU\CPU.cpp">
      <Filter>Source Files\CPU</Filter>
    </ClCompile>
    <ClCompile Include="src\CPU\CPUTests.cpp">
      <Filter>Source Files\CPU</Filter>
    </ClCompile>
    <ClCompile Include="src\CPU\prefixedOPCodes.cpp">
      <Filter>Source Files\CPU</Filter>
    </ClCompile>
    <ClCompile Include="src\CPU\unprefixedOPCodes.cpp">
      <Filter>Source Files\CPU</Filter>
    </ClCompile>
    <ClCompile Include="src\PPU\PPU.cpp">
      <Filter>Source Files\PPU</Filter>
    </ClCompile>
    <ClCompile Include="src\PPU\Screen.cpp">
      <Filter>Source Files\PPU</Filter>
    </ClCompile>
    <ClCompile Include="src\GB.cpp">
      <Filter>Source Files</Filter>
    </ClCompile>
    <ClCompile Include="src\PPU\FIFO.cpp">
      <Filter>Source Files\PPU</Filter>
    </ClCompile>
    <ClCompile Include="src\InterruptHandler.cpp">
      <Filter>Source Files</Filter>
    </ClCompile>
    <ClCompile Include="src\Timer.cpp">
      <Filter>Source Files</Filter>
    </ClCompile>
    <ClCompile Include="src\Debug\TileMap.cpp">
      <Filter>Source Files\Debug</Filter>
    </ClCompile>
    <ClCompile Include="src\Input.cpp">
      <Filter>Source Files</Filter>
    </ClCompile>
    <ClCompile Include="src\Memory\Memory.cpp">
      <Filter>Source Files\Memory</Filter>
    </ClCompile>
    <ClCompile Include="src\Memory\MBC.cpp">
      <Filter>Source Files\Memory</Filter>
    </ClCompile>
  </ItemGroup>
  <ItemGroup>
    <ClInclude Include="src\CPU\CPU.h">
      <Filter>Header Files\CPU</Filter>
    </ClInclude>
    <ClInclude Include="src\CPU\CPUTests.h">
      <Filter>Header Files\CPU</Filter>
    </ClInclude>
    <ClInclude Include="src\PPU\PPU.h">
      <Filter>Header Files\PPU</Filter>
    </ClInclude>
    <ClInclude Include="src\PPU\Screen.h">
      <Filter>Header Files\PPU</Filter>
    </ClInclude>
    <ClInclude Include="src\GB.h">
      <Filter>Header Files</Filter>
    </ClInclude>
    <ClInclude Include="src\PPU\FIFO.h">
      <Filter>Header Files\PPU</Filter>
    </ClInclude>
    <ClInclude Include="src\InterruptHandler.h">
      <Filter>Header Files</Filter>
    </ClInclude>
    <ClInclude Include="src\Timer.h">
      <Filter>Header Files</Filter>
    </ClInclude>
    <ClInclude Include="src\Debug\TileMap.h">
      <Filter>Header Files\Debug</Filter>
    </ClInclude>
    <ClInclude Include="src\Input.h">
      <Filter>Header Files</Filter>
    </ClInclude>
    <ClInclude Include="src\Memory\Memory.h">
      <Filter>Header Files\Memory</Filter>
    </ClInclude>
  </ItemGroup>
</Project>